
Microsoft Visual Studio Solution File, Format Version 12.00
# Visual Studio Version 17
VisualStudioVersion = 17.0.31912.275
MinimumVisualStudioVersion = 10.0.40219.1
Project("{FAE04EC0-301F-11D3-BF4B-00C04F79EFBC}") = "psbeducation.UWP", "psbeducation\psbeducation.UWP\psbeducation.UWP.csproj", "{873B87D2-D109-4528-9E32-8B28AD844EF2}"
EndProject
Project("{FAE04EC0-301F-11D3-BF4B-00C04F79EFBC}") = "psbeducation.Android", "psbeducation\psbeducation.Android\psbeducation.Android.csproj", "{3EF82D6E-FE76-4AB2-BB76-FE7431C9EDBD}"
EndProject
Project("{FAE04EC0-301F-11D3-BF4B-00C04F79EFBC}") = "psbeducation.iOS", "psbeducation\psbeducation.iOS\psbeducation.iOS.csproj", "{E0328B4E-7165-4EA8-9D1C-C24BF2C3C6ED}"
EndProject
Project("{FAE04EC0-301F-11D3-BF4B-00C04F79EFBC}") = "psbeducation", "psbeducation\psbeducation\psbeducation.csproj", "{CAEC1D60-0A0F-4169-BC6F-406A238E003D}"
EndProject
Global
	GlobalSection(SolutionConfigurationPlatforms) = preSolution
		Debug|Any CPU = Debug|Any CPU
		Debug|ARM = Debug|ARM
		Debug|iPhone = Debug|iPhone
		Debug|iPhoneSimulator = Debug|iPhoneSimulator
		Debug|x64 = Debug|x64
		Debug|x86 = Debug|x86
		Release|Any CPU = Release|Any CPU
		Release|ARM = Release|ARM
		Release|iPhone = Release|iPhone
		Release|iPhoneSimulator = Release|iPhoneSimulator
		Release|x64 = Release|x64
		Release|x86 = Release|x86
	EndGlobalSection
	GlobalSection(ProjectConfigurationPlatforms) = postSolution
		{873B87D2-D109-4528-9E32-8B28AD844EF2}.Debug|Any CPU.ActiveCfg = Debug|x64
		{873B87D2-D109-4528-9E32-8B28AD844EF2}.Debug|Any CPU.Build.0 = Debug|x64
		{873B87D2-D109-4528-9E32-8B28AD844EF2}.Debug|Any CPU.Deploy.0 = Debug|x64
		{873B87D2-D109-4528-9E32-8B28AD844EF2}.Debug|ARM.ActiveCfg = Debug|ARM
		{873B87D2-D109-4528-9E32-8B28AD844EF2}.Debug|ARM.Build.0 = Debug|ARM
		{873B87D2-D109-4528-9E32-8B28AD844EF2}.Debug|ARM.Deploy.0 = Debug|ARM
		{873B87D2-D109-4528-9E32-8B28AD844EF2}.Debug|iPhone.ActiveCfg = Debug|x64
		{873B87D2-D109-4528-9E32-8B28AD844EF2}.Debug|iPhone.Build.0 = Debug|x64
		{873B87D2-D109-4528-9E32-8B28AD844EF2}.Debug|iPhone.Deploy.0 = Debug|x64
		{873B87D2-D109-4528-9E32-8B28AD844EF2}.Debug|iPhoneSimulator.ActiveCfg = Debug|x64
		{873B87D2-D109-4528-9E32-8B28AD844EF2}.Debug|iPhoneSimulator.Build.0 = Debug|x64
		{873B87D2-D109-4528-9E32-8B28AD844EF2}.Debug|iPhoneSimulator.Deploy.0 = Debug|x64
		{873B87D2-D109-4528-9E32-8B28AD844EF2}.Debug|x64.ActiveCfg = Debug|x64
		{873B87D2-D109-4528-9E32-8B28AD844EF2}.Debug|x64.Build.0 = Debug|x64
		{873B87D2-D109-4528-9E32-8B28AD844EF2}.Debug|x64.Deploy.0 = Debug|x64
		{873B87D2-D109-4528-9E32-8B28AD844EF2}.Debug|x86.ActiveCfg = Debug|x86
		{873B87D2-D109-4528-9E32-8B28AD844EF2}.Debug|x86.Build.0 = Debug|x86
		{873B87D2-D109-4528-9E32-8B28AD844EF2}.Debug|x86.Deploy.0 = Debug|x86
		{873B87D2-D109-4528-9E32-8B28AD844EF2}.Release|Any CPU.ActiveCfg = Release|x64
		{873B87D2-D109-4528-9E32-8B28AD844EF2}.Release|Any CPU.Build.0 = Release|x64
		{873B87D2-D109-4528-9E32-8B28AD844EF2}.Release|Any CPU.Deploy.0 = Release|x64
		{873B87D2-D109-4528-9E32-8B28AD844EF2}.Release|ARM.ActiveCfg = Release|ARM
		{873B87D2-D109-4528-9E32-8B28AD844EF2}.Release|ARM.Build.0 = Release|ARM
		{873B87D2-D109-4528-9E32-8B28AD844EF2}.Release|ARM.Deploy.0 = Release|ARM
		{873B87D2-D109-4528-9E32-8B28AD844EF2}.Release|iPhone.ActiveCfg = Release|x64
		{873B87D2-D109-4528-9E32-8B28AD844EF2}.Release|iPhone.Build.0 = Release|x64
		{873B87D2-D109-4528-9E32-8B28AD844EF2}.Release|iPhone.Deploy.0 = Release|x64
		{873B87D2-D109-4528-9E32-8B28AD844EF2}.Release|iPhoneSimulator.ActiveCfg = Release|x64
		{873B87D2-D109-4528-9E32-8B28AD844EF2}.Release|iPhoneSimulator.Build.0 = Release|x64
		{873B87D2-D109-4528-9E32-8B28AD844EF2}.Release|iPhoneSimulator.Deploy.0 = Release|x64
		{873B87D2-D109-4528-9E32-8B28AD844EF2}.Release|x64.ActiveCfg = Release|x64
		{873B87D2-D109-4528-9E32-8B28AD844EF2}.Release|x64.Build.0 = Release|x64
		{873B87D2-D109-4528-9E32-8B28AD844EF2}.Release|x64.Deploy.0 = Release|x64
		{873B87D2-D109-4528-9E32-8B28AD844EF2}.Release|x86.ActiveCfg = Release|x86
		{873B87D2-D109-4528-9E32-8B28AD844EF2}.Release|x86.Build.0 = Release|x86
		{873B87D2-D109-4528-9E32-8B28AD844EF2}.Release|x86.Deploy.0 = Release|x86
		{3EF82D6E-FE76-4AB2-BB76-FE7431C9EDBD}.Debug|Any CPU.ActiveCfg = Debug|Any CPU
		{3EF82D6E-FE76-4AB2-BB76-FE7431C9EDBD}.Debug|Any CPU.Build.0 = Debug|Any CPU
		{3EF82D6E-FE76-4AB2-BB76-FE7431C9EDBD}.Debug|Any CPU.Deploy.0 = Debug|Any CPU
		{3EF82D6E-FE76-4AB2-BB76-FE7431C9EDBD}.Debug|ARM.ActiveCfg = Debug|Any CPU
		{3EF82D6E-FE76-4AB2-BB76-FE7431C9EDBD}.Debug|ARM.Build.0 = Debug|Any CPU
		{3EF82D6E-FE76-4AB2-BB76-FE7431C9EDBD}.Debug|ARM.Deploy.0 = Debug|Any CPU
		{3EF82D6E-FE76-4AB2-BB76-FE7431C9EDBD}.Debug|iPhone.ActiveCfg = Debug|Any CPU
		{3EF82D6E-FE76-4AB2-BB76-FE7431C9EDBD}.Debug|iPhone.Build.0 = Debug|Any CPU
		{3EF82D6E-FE76-4AB2-BB76-FE7431C9EDBD}.Debug|iPhone.Deploy.0 = Debug|Any CPU
		{3EF82D6E-FE76-4AB2-BB76-FE7431C9EDBD}.Debug|iPhoneSimulator.ActiveCfg = Debug|Any CPU
		{3EF82D6E-FE76-4AB2-BB76-FE7431C9EDBD}.Debug|iPhoneSimulator.Build.0 = Debug|Any CPU
		{3EF82D6E-FE76-4AB2-BB76-FE7431C9EDBD}.Debug|iPhoneSimulator.Deploy.0 = Debug|Any CPU
		{3EF82D6E-FE76-4AB2-BB76-FE7431C9EDBD}.Debug|x64.ActiveCfg = Debug|Any CPU
		{3EF82D6E-FE76-4AB2-BB76-FE7431C9EDBD}.Debug|x64.Build.0 = Debug|Any CPU
		{3EF82D6E-FE76-4AB2-BB76-FE7431C9EDBD}.Debug|x64.Deploy.0 = Debug|Any CPU
		{3EF82D6E-FE76-4AB2-BB76-FE7431C9EDBD}.Debug|x86.ActiveCfg = Debug|Any CPU
		{3EF82D6E-FE76-4AB2-BB76-FE7431C9EDBD}.Debug|x86.Build.0 = Debug|Any CPU
		{3EF82D6E-FE76-4AB2-BB76-FE7431C9EDBD}.Debug|x86.Deploy.0 = Debug|Any CPU
		{3EF82D6E-FE76-4AB2-BB76-FE7431C9EDBD}.Release|Any CPU.ActiveCfg = Release|Any CPU
		{3EF82D6E-FE76-4AB2-BB76-FE7431C9EDBD}.Release|Any CPU.Build.0 = Release|Any CPU
		{3EF82D6E-FE76-4AB2-BB76-FE7431C9EDBD}.Release|Any CPU.Deploy.0 = Release|Any CPU
		{3EF82D6E-FE76-4AB2-BB76-FE7431C9EDBD}.Release|ARM.ActiveCfg = Release|Any CPU
		{3EF82D6E-FE76-4AB2-BB76-FE7431C9EDBD}.Release|ARM.Build.0 = Release|Any CPU
		{3EF82D6E-FE76-4AB2-BB76-FE7431C9EDBD}.Release|ARM.Deploy.0 = Release|Any CPU
		{3EF82D6E-FE76-4AB2-BB76-FE7431C9EDBD}.Release|iPhone.ActiveCfg = Release|Any CPU
		{3EF82D6E-FE76-4AB2-BB76-FE7431C9EDBD}.Release|iPhone.Build.0 = Release|Any CPU
		{3EF82D6E-FE76-4AB2-BB76-FE7431C9EDBD}.Release|iPhone.Deploy.0 = Release|Any CPU
		{3EF82D6E-FE76-4AB2-BB76-FE7431C9EDBD}.Release|iPhoneSimulator.ActiveCfg = Release|Any CPU
		{3EF82D6E-FE76-4AB2-BB76-FE7431C9EDBD}.Release|iPhoneSimulator.Build.0 = Release|Any CPU
		{3EF82D6E-FE76-4AB2-BB76-FE7431C9EDBD}.Release|iPhoneSimulator.Deploy.0 = Release|Any CPU
		{3EF82D6E-FE76-4AB2-BB76-FE7431C9EDBD}.Release|x64.ActiveCfg = Release|Any CPU
		{3EF82D6E-FE76-4AB2-BB76-FE7431C9EDBD}.Release|x64.Build.0 = Release|Any CPU
		{3EF82D6E-FE76-4AB2-BB76-FE7431C9EDBD}.Release|x64.Deploy.0 = Release|Any CPU
		{3EF82D6E-FE76-4AB2-BB76-FE7431C9EDBD}.Release|x86.ActiveCfg = Release|Any CPU
		{3EF82D6E-FE76-4AB2-BB76-FE7431C9EDBD}.Release|x86.Build.0 = Release|Any CPU
		{3EF82D6E-FE76-4AB2-BB76-FE7431C9EDBD}.Release|x86.Deploy.0 = Release|Any CPU
		{E0328B4E-7165-4EA8-9D1C-C24BF2C3C6ED}.Debug|Any CPU.ActiveCfg = Debug|iPhoneSimulator
		{E0328B4E-7165-4EA8-9D1C-C24BF2C3C6ED}.Debug|Any CPU.Build.0 = Debug|iPhoneSimulator
		{E0328B4E-7165-4EA8-9D1C-C24BF2C3C6ED}.Debug|Any CPU.Deploy.0 = Debug|iPhoneSimulator
		{E0328B4E-7165-4EA8-9D1C-C24BF2C3C6ED}.Debug|ARM.ActiveCfg = Debug|iPhoneSimulator
		{E0328B4E-7165-4EA8-9D1C-C24BF2C3C6ED}.Debug|ARM.Build.0 = Debug|iPhoneSimulator
		{E0328B4E-7165-4EA8-9D1C-C24BF2C3C6ED}.Debug|ARM.Deploy.0 = Debug|iPhoneSimulator
		{E0328B4E-7165-4EA8-9D1C-C24BF2C3C6ED}.Debug|iPhone.ActiveCfg = Debug|iPhone
		{E0328B4E-7165-4EA8-9D1C-C24BF2C3C6ED}.Debug|iPhone.Build.0 = Debug|iPhone
		{E0328B4E-7165-4EA8-9D1C-C24BF2C3C6ED}.Debug|iPhone.Deploy.0 = Debug|iPhone
		{E0328B4E-7165-4EA8-9D1C-C24BF2C3C6ED}.Debug|iPhoneSimulator.ActiveCfg = Debug|iPhoneSimulator
		{E0328B4E-7165-4EA8-9D1C-C24BF2C3C6ED}.Debug|iPhoneSimulator.Build.0 = Debug|iPhoneSimulator
		{E0328B4E-7165-4EA8-9D1C-C24BF2C3C6ED}.Debug|iPhoneSimulator.Deploy.0 = Debug|iPhoneSimulator
		{E0328B4E-7165-4EA8-9D1C-C24BF2C3C6ED}.Debug|x64.ActiveCfg = Debug|iPhone
		{E0328B4E-7165-4EA8-9D1C-C24BF2C3C6ED}.Debug|x64.Build.0 = Debug|iPhone
		{E0328B4E-7165-4EA8-9D1C-C24BF2C3C6ED}.Debug|x64.Deploy.0 = Debug|iPhone
		{E0328B4E-7165-4EA8-9D1C-C24BF2C3C6ED}.Debug|x86.ActiveCfg = Debug|iPhoneSimulator
		{E0328B4E-7165-4EA8-9D1C-C24BF2C3C6ED}.Debug|x86.Build.0 = Debug|iPhoneSimulator
		{E0328B4E-7165-4EA8-9D1C-C24BF2C3C6ED}.Debug|x86.Deploy.0 = Debug|iPhoneSimulator
		{E0328B4E-7165-4EA8-9D1C-C24BF2C3C6ED}.Release|Any CPU.ActiveCfg = Release|iPhoneSimulator
		{E0328B4E-7165-4EA8-9D1C-C24BF2C3C6ED}.Release|Any CPU.Build.0 = Release|iPhoneSimulator
		{E0328B4E-7165-4EA8-9D1C-C24BF2C3C6ED}.Release|Any CPU.Deploy.0 = Release|iPhoneSimulator
		{E0328B4E-7165-4EA8-9D1C-C24BF2C3C6ED}.Release|ARM.ActiveCfg = Release|iPhoneSimulator
		{E0328B4E-7165-4EA8-9D1C-C24BF2C3C6ED}.Release|ARM.Build.0 = Release|iPhoneSimulator
		{E0328B4E-7165-4EA8-9D1C-C24BF2C3C6ED}.Release|ARM.Deploy.0 = Release|iPhoneSimulator
		{E0328B4E-7165-4EA8-9D1C-C24BF2C3C6ED}.Release|iPhone.ActiveCfg = Release|iPhone
		{E0328B4E-7165-4EA8-9D1C-C24BF2C3C6ED}.Release|iPhone.Build.0 = Release|iPhone
		{E0328B4E-7165-4EA8-9D1C-C24BF2C3C6ED}.Release|iPhone.Deploy.0 = Release|iPhone
		{E0328B4E-7165-4EA8-9D1C-C24BF2C3C6ED}.Release|iPhoneSimulator.ActiveCfg = Release|iPhoneSimulator
		{E0328B4E-7165-4EA8-9D1C-C24BF2C3C6ED}.Release|iPhoneSimulator.Build.0 = Release|iPhoneSimulator
		{E0328B4E-7165-4EA8-9D1C-C24BF2C3C6ED}.Release|iPhoneSimulator.Deploy.0 = Release|iPhoneSimulator
		{E0328B4E-7165-4EA8-9D1C-C24BF2C3C6ED}.Release|x64.ActiveCfg = Release|iPhoneSimulator
		{E0328B4E-7165-4EA8-9D1C-C24BF2C3C6ED}.Release|x64.Build.0 = Release|iPhoneSimulator
		{E0328B4E-7165-4EA8-9D1C-C24BF2C3C6ED}.Release|x64.Deploy.0 = Release|iPhoneSimulator
		{E0328B4E-7165-4EA8-9D1C-C24BF2C3C6ED}.Release|x86.ActiveCfg = Release|iPhoneSimulator
		{E0328B4E-7165-4EA8-9D1C-C24BF2C3C6ED}.Release|x86.Build.0 = Release|iPhoneSimulator
		{E0328B4E-7165-4EA8-9D1C-C24BF2C3C6ED}.Release|x86.Deploy.0 = Release|iPhoneSimulator
		{CAEC1D60-0A0F-4169-BC6F-406A238E003D}.Debug|Any CPU.ActiveCfg = Debug|Any CPU
		{CAEC1D60-0A0F-4169-BC6F-406A238E003D}.Debug|Any CPU.Build.0 = Debug|Any CPU
		{CAEC1D60-0A0F-4169-BC6F-406A238E003D}.Debug|Any CPU.Deploy.0 = Debug|Any CPU
		{CAEC1D60-0A0F-4169-BC6F-406A238E003D}.Debug|ARM.ActiveCfg = Debug|Any CPU
		{CAEC1D60-0A0F-4169-BC6F-406A238E003D}.Debug|ARM.Build.0 = Debug|Any CPU
		{CAEC1D60-0A0F-4169-BC6F-406A238E003D}.Debug|ARM.Deploy.0 = Debug|Any CPU
		{CAEC1D60-0A0F-4169-BC6F-406A238E003D}.Debug|iPhone.ActiveCfg = Debug|Any CPU
		{CAEC1D60-0A0F-4169-BC6F-406A238E003D}.Debug|iPhone.Build.0 = Debug|Any CPU
		{CAEC1D60-0A0F-4169-BC6F-406A238E003D}.Debug|iPhone.Deploy.0 = Debug|Any CPU
		{CAEC1D60-0A0F-4169-BC6F-406A238E003D}.Debug|iPhoneSimulator.ActiveCfg = Debug|Any CPU
		{CAEC1D60-0A0F-4169-BC6F-406A238E003D}.Debug|iPhoneSimulator.Build.0 = Debug|Any CPU
		{CAEC1D60-0A0F-4169-BC6F-406A238E003D}.Debug|iPhoneSimulator.Deploy.0 = Debug|Any CPU
		{CAEC1D60-0A0F-4169-BC6F-406A238E003D}.Debug|x64.ActiveCfg = Debug|Any CPU
		{CAEC1D60-0A0F-4169-BC6F-406A238E003D}.Debug|x64.Build.0 = Debug|Any CPU
		{CAEC1D60-0A0F-4169-BC6F-406A238E003D}.Debug|x64.Deploy.0 = Debug|Any CPU
		{CAEC1D60-0A0F-4169-BC6F-406A238E003D}.Debug|x86.ActiveCfg = Debug|Any CPU
		{CAEC1D60-0A0F-4169-BC6F-406A238E003D}.Debug|x86.Build.0 = Debug|Any CPU
		{CAEC1D60-0A0F-4169-BC6F-406A238E003D}.Debug|x86.Deploy.0 = Debug|Any CPU
		{CAEC1D60-0A0F-4169-BC6F-406A238E003D}.Release|Any CPU.ActiveCfg = Release|Any CPU
		{CAEC1D60-0A0F-4169-BC6F-406A238E003D}.Release|Any CPU.Build.0 = Release|Any CPU
		{CAEC1D60-0A0F-4169-BC6F-406A238E003D}.Release|Any CPU.Deploy.0 = Release|Any CPU
		{CAEC1D60-0A0F-4169-BC6F-406A238E003D}.Release|ARM.ActiveCfg = Release|Any CPU
		{CAEC1D60-0A0F-4169-BC6F-406A238E003D}.Release|ARM.Build.0 = Release|Any CPU
		{CAEC1D60-0A0F-4169-BC6F-406A238E003D}.Release|ARM.Deploy.0 = Release|Any CPU
		{CAEC1D60-0A0F-4169-BC6F-406A238E003D}.Release|iPhone.ActiveCfg = Release|Any CPU
		{CAEC1D60-0A0F-4169-BC6F-406A238E003D}.Release|iPhone.Build.0 = Release|Any CPU
		{CAEC1D60-0A0F-4169-BC6F-406A238E003D}.Release|iPhone.Deploy.0 = Release|Any CPU
		{CAEC1D60-0A0F-4169-BC6F-406A238E003D}.Release|iPhoneSimulator.ActiveCfg = Release|Any CPU
		{CAEC1D60-0A0F-4169-BC6F-406A238E003D}.Release|iPhoneSimulator.Build.0 = Release|Any CPU
		{CAEC1D60-0A0F-4169-BC6F-406A238E003D}.Release|iPhoneSimulator.Deploy.0 = Release|Any CPU
		{CAEC1D60-0A0F-4169-BC6F-406A238E003D}.Release|x64.ActiveCfg = Release|Any CPU
		{CAEC1D60-0A0F-4169-BC6F-406A238E003D}.Release|x64.Build.0 = Release|Any CPU
		{CAEC1D60-0A0F-4169-BC6F-406A238E003D}.Release|x64.Deploy.0 = Release|Any CPU
		{CAEC1D60-0A0F-4169-BC6F-406A238E003D}.Release|x86.ActiveCfg = Release|Any CPU
		{CAEC1D60-0A0F-4169-BC6F-406A238E003D}.Release|x86.Build.0 = Release|Any CPU
		{CAEC1D60-0A0F-4169-BC6F-406A238E003D}.Release|x86.Deploy.0 = Release|Any CPU
	EndGlobalSection
	GlobalSection(SolutionProperties) = preSolution
		HideSolutionNode = FALSE
	EndGlobalSection
	GlobalSection(ExtensibilityGlobals) = postSolution
		SolutionGuid = {386FABD1-F1C8-4570-BE46-60DFFF13297E}
	EndGlobalSection
EndGlobal
